
Microsoft Visual Studio Solution File, Format Version 12.00
# Visual Studio Version 17
VisualStudioVersion = 17.5.33103.201
MinimumVisualStudioVersion = 10.0.40219.1
Project("{FAE04EC0-301F-11D3-BF4B-00C04F79EFBC}") = "VocationManager", "VocationManager.csproj", "{E7BAE0BC-5E7E-4BFB-9A87-146738639B55}"
EndProject
Global
	GlobalSection(SolutionConfigurationPlatforms) = preSolution
		Debug|Any CPU = Debug|Any CPU
		Release|Any CPU = Release|Any CPU
	EndGlobalSection
	GlobalSection(ProjectConfigurationPlatforms) = postSolution
		{E7BAE0BC-5E7E-4BFB-9A87-146738639B55}.Debug|Any CPU.ActiveCfg = Debug|Any CPU
		{E7BAE0BC-5E7E-4BFB-9A87-146738639B55}.Debug|Any CPU.Build.0 = Debug|Any CPU
		{E7BAE0BC-5E7E-4BFB-9A87-146738639B55}.Release|Any CPU.ActiveCfg = Release|Any CPU
		{E7BAE0BC-5E7E-4BFB-9A87-146738639B55}.Release|Any CPU.Build.0 = Release|Any CPU
	EndGlobalSection
	GlobalSection(SolutionProperties) = preSolution
		HideSolutionNode = FALSE
	EndGlobalSection
	GlobalSection(ExtensibilityGlobals) = postSolution
		SolutionGuid = {B0E6AA16-DA16-4569-895D-785DF33EF699}
	EndGlobalSection
EndGlobal
